// !$*UTF8*$!
{
	archiveVersion = 1;
	classes = {
	};
	objectVersion = 46;
	objects = {

/* Begin PBXBuildFile section */
		6B3DC9861EF9700E00CAC8D0 /* main.m in Sources */ = {isa = PBXBuildFile; fileRef = 6B3DC9851EF9700E00CAC8D0 /* main.m */; };
		6B3DC9891EF9700E00CAC8D0 /* AppDelegate.m in Sources */ = {isa = PBXBuildFile; fileRef = 6B3DC9881EF9700E00CAC8D0 /* AppDelegate.m */; };
		6B3DC98F1EF9700E00CAC8D0 /* Main.storyboard in Resources */ = {isa = PBXBuildFile; fileRef = 6B3DC98D1EF9700E00CAC8D0 /* Main.storyboard */; };
		6B3DC9911EF9700E00CAC8D0 /* Assets.xcassets in Resources */ = {isa = PBXBuildFile; fileRef = 6B3DC9901EF9700E00CAC8D0 /* Assets.xcassets */; };
		6B3DC9941EF9700E00CAC8D0 /* LaunchScreen.storyboard in Resources */ = {isa = PBXBuildFile; fileRef = 6B3DC9921EF9700E00CAC8D0 /* LaunchScreen.storyboard */; };
		6B3DC99F1EF9700E00CAC8D0 /* Rover_IOS13UITests.m in Sources */ = {isa = PBXBuildFile; fileRef = 6B3DC99E1EF9700E00CAC8D0 /* Rover_IOS13UITests.m */; };
/* End PBXBuildFile section */

/* Begin PBXContainerItemProxy section */
		6B3DC99B1EF9700E00CAC8D0 /* PBXContainerItemProxy */ = {
			isa = PBXContainerItemProxy;
			containerPortal = 6B3DC9791EF9700E00CAC8D0 /* Project object */;
			proxyType = 1;
			remoteGlobalIDString = 6B3DC9801EF9700E00CAC8D0;
			remoteInfo = Rover_IOS13;
		};
/* End PBXContainerItemProxy section */

/* Begin PBXFileReference section */
		6B3DC9811EF9700E00CAC8D0 /* Rover_IOS13.app */ = {isa = PBXFileReference; explicitFileType = wrapper.application; includeInIndex = 0; path = Rover_IOS13.app; sourceTree = BUILT_PRODUCTS_DIR; };
		6B3DC9851EF9700E00CAC8D0 /* main.m */ = {isa = PBXFileReference; lastKnownFileType = sourcecode.c.objc; path = main.m; sourceTree = "<group>"; };
		6B3DC9871EF9700E00CAC8D0 /* AppDelegate.h */ = {isa = PBXFileReference; lastKnownFileType = sourcecode.c.h; path = AppDelegate.h; sourceTree = "<group>"; };
		6B3DC9881EF9700E00CAC8D0 /* AppDelegate.m */ = {isa = PBXFileReference; lastKnownFileType = sourcecode.c.objc; path = AppDelegate.m; sourceTree = "<group>"; };
		6B3DC98E1EF9700E00CAC8D0 /* Base */ = {isa = PBXFileReference; lastKnownFileType = file.storyboard; name = Base; path = Base.lproj/Main.storyboard; sourceTree = "<group>"; };
		6B3DC9901EF9700E00CAC8D0 /* Assets.xcassets */ = {isa = PBXFileReference; lastKnownFileType = folder.assetcatalog; path = Assets.xcassets; sourceTree = "<group>"; };
		6B3DC9931EF9700E00CAC8D0 /* Base */ = {isa = PBXFileReference; lastKnownFileType = file.storyboard; name = Base; path = Base.lproj/LaunchScreen.storyboard; sourceTree = "<group>"; };
		6B3DC9951EF9700E00CAC8D0 /* Info.plist */ = {isa = PBXFileReference; lastKnownFileType = text.plist.xml; path = Info.plist; sourceTree = "<group>"; };
		6B3DC99A1EF9700E00CAC8D0 /* Rover_IOS13UITests.xctest */ = {isa = PBXFileReference; explicitFileType = wrapper.cfbundle; includeInIndex = 0; path = Rover_IOS13UITests.xctest; sourceTree = BUILT_PRODUCTS_DIR; };
		6B3DC99E1EF9700E00CAC8D0 /* Rover_IOS13UITests.m */ = {isa = PBXFileReference; lastKnownFileType = sourcecode.c.objc; path = Rover_IOS13UITests.m; sourceTree = "<group>"; };
		6B3DC9A01EF9700E00CAC8D0 /* Info.plist */ = {isa = PBXFileReference; lastKnownFileType = text.plist.xml; path = Info.plist; sourceTree = "<group>"; };
/* End PBXFileReference section */

/* Begin PBXFrameworksBuildPhase section */
		6B3DC97E1EF9700E00CAC8D0 /* Frameworks */ = {
			isa = PBXFrameworksBuildPhase;
			buildActionMask = 2147483647;
			files = (
			);
			runOnlyForDeploymentPostprocessing = 0;
		};
		6B3DC9971EF9700E00CAC8D0 /* Frameworks */ = {
			isa = PBXFrameworksBuildPhase;
			buildActionMask = 2147483647;
			files = (
			);
			runOnlyForDeploymentPostprocessing = 0;
		};
/* End PBXFrameworksBuildPhase section */

/* Begin PBXGroup section */
		6B3DC9781EF9700E00CAC8D0 = {
			isa = PBXGroup;
			children = (
				6B3DC9831EF9700E00CAC8D0 /* Rover_IOS13 */,
				6B3DC99D1EF9700E00CAC8D0 /* Rover_IOS13UITests */,
				6B3DC9821EF9700E00CAC8D0 /* Products */,
			);
			sourceTree = "<group>";
		};
		6B3DC9821EF9700E00CAC8D0 /* Products */ = {
			isa = PBXGroup;
			children = (
				6B3DC9811EF9700E00CAC8D0 /* Rover_IOS13.app */,
				6B3DC99A1EF9700E00CAC8D0 /* Rover_IOS13UITests.xctest */,
			);
			name = Products;
			sourceTree = "<group>";
		};
		6B3DC9831EF9700E00CAC8D0 /* Rover_IOS13 */ = {
			isa = PBXGroup;
			children = (
				6B3DC9871EF9700E00CAC8D0 /* AppDelegate.h */,
				6B3DC9881EF9700E00CAC8D0 /* AppDelegate.m */,
				6B3DC9A91EF9701D00CAC8D0 /* Resources */,
				6B3DC9841EF9700E00CAC8D0 /* Supporting Files */,
			);
			path = Rover_IOS13;
			sourceTree = "<group>";
		};
		6B3DC9841EF9700E00CAC8D0 /* Supporting Files */ = {
			isa = PBXGroup;
			children = (
				6B3DC9851EF9700E00CAC8D0 /* main.m */,
			);
			name = "Supporting Files";
			sourceTree = "<group>";
		};
		6B3DC99D1EF9700E00CAC8D0 /* Rover_IOS13UITests */ = {
			isa = PBXGroup;
			children = (
				6B3DC99E1EF9700E00CAC8D0 /* Rover_IOS13UITests.m */,
				6B3DC9A01EF9700E00CAC8D0 /* Info.plist */,
			);
			path = Rover_IOS13UITests;
			sourceTree = "<group>";
		};
		6B3DC9A91EF9701D00CAC8D0 /* Resources */ = {
			isa = PBXGroup;
			children = (
				6B3DC9AA1EF9702400CAC8D0 /* Storyboards */,
				6B3DC9901EF9700E00CAC8D0 /* Assets.xcassets */,
				6B3DC9921EF9700E00CAC8D0 /* LaunchScreen.storyboard */,
				6B3DC9951EF9700E00CAC8D0 /* Info.plist */,
			);
			name = Resources;
			sourceTree = "<group>";
		};
		6B3DC9AA1EF9702400CAC8D0 /* Storyboards */ = {
			isa = PBXGroup;
			children = (
				6B3DC98D1EF9700E00CAC8D0 /* Main.storyboard */,
			);
			name = Storyboards;
			sourceTree = "<group>";
		};
/* End PBXGroup section */

/* Begin PBXNativeTarget section */
		6B3DC9801EF9700E00CAC8D0 /* Rover_IOS13 */ = {
			isa = PBXNativeTarget;
			buildConfigurationList = 6B3DC9A31EF9700E00CAC8D0 /* Build configuration list for PBXNativeTarget "Rover_IOS13" */;
			buildPhases = (
				6B3DC97D1EF9700E00CAC8D0 /* Sources */,
				6B3DC97E1EF9700E00CAC8D0 /* Frameworks */,
				6B3DC97F1EF9700E00CAC8D0 /* Resources */,
			);
			buildRules = (
			);
			dependencies = (
			);
			name = Rover_IOS13;
			productName = Rover_IOS13;
			productReference = 6B3DC9811EF9700E00CAC8D0 /* Rover_IOS13.app */;
			productType = "com.apple.product-type.application";
		};
		6B3DC9991EF9700E00CAC8D0 /* Rover_IOS13UITests */ = {
			isa = PBXNativeTarget;
			buildConfigurationList = 6B3DC9A61EF9700E00CAC8D0 /* Build configuration list for PBXNativeTarget "Rover_IOS13UITests" */;
			buildPhases = (
				6B3DC9961EF9700E00CAC8D0 /* Sources */,
				6B3DC9971EF9700E00CAC8D0 /* Frameworks */,
				6B3DC9981EF9700E00CAC8D0 /* Resources */,
			);
			buildRules = (
			);
			dependencies = (
				6B3DC99C1EF9700E00CAC8D0 /* PBXTargetDependency */,
			);
			name = Rover_IOS13UITests;
			productName = Rover_IOS13UITests;
			productReference = 6B3DC99A1EF9700E00CAC8D0 /* Rover_IOS13UITests.xctest */;
			productType = "com.apple.product-type.bundle.ui-testing";
		};
/* End PBXNativeTarget section */

/* Begin PBXProject section */
		6B3DC9791EF9700E00CAC8D0 /* Project object */ = {
			isa = PBXProject;
			attributes = {
				LastUpgradeCheck = 0830;
				ORGANIZATIONNAME = "Bradley Gilmore";
				TargetAttributes = {
					6B3DC9801EF9700E00CAC8D0 = {
						CreatedOnToolsVersion = 8.3.3;
						DevelopmentTeam = N8EMAYLL43;
						ProvisioningStyle = Automatic;
					};
					6B3DC9991EF9700E00CAC8D0 = {
						CreatedOnToolsVersion = 8.3.3;
						DevelopmentTeam = N8EMAYLL43;
						ProvisioningStyle = Automatic;
						TestTargetID = 6B3DC9801EF9700E00CAC8D0;
					};
				};
			};
			buildConfigurationList = 6B3DC97C1EF9700E00CAC8D0 /* Build configuration list for PBXProject "Rover_IOS13" */;
			compatibilityVersion = "Xcode 3.2";
			developmentRegion = English;
			hasScannedForEncodings = 0;
			knownRegions = (
				en,
				Base,
			);
			mainGroup = 6B3DC9781EF9700E00CAC8D0;
			productRefGroup = 6B3DC9821EF9700E00CAC8D0 /* Products */;
			projectDirPath = "";
			projectRoot = "";
			targets = (
				6B3DC9801EF9700E00CAC8D0 /* Rover_IOS13 */,
				6B3DC9991EF9700E00CAC8D0 /* Rover_IOS13UITests */,
			);
		};
/* End PBXProject section */

/* Begin PBXResourcesBuildPhase section */
		6B3DC97F1EF9700E00CAC8D0 /* Resources */ = {
			isa = PBXResourcesBuildPhase;
			buildActionMask = 2147483647;
			files = (
				6B3DC9941EF9700E00CAC8D0 /* LaunchScreen.storyboard in Resources */,
				6B3DC9911EF9700E00CAC8D0 /* Assets.xcassets in Resources */,
				6B3DC98F1EF9700E00CAC8D0 /* Main.storyboard in Resources */,
			);
			runOnlyForDeploymentPostprocessing = 0;
		};
		6B3DC9981EF9700E00CAC8D0 /* Resources */ = {
			isa = PBXResourcesBuildPhase;
			buildActionMask = 2147483647;
			files = (
			);
			runOnlyForDeploymentPostprocessing = 0;
		};
/* End PBXResourcesBuildPhase section */

/* Begin PBXSourcesBuildPhase section */
		6B3DC97D1EF9700E00CAC8D0 /* Sources */ = {
			isa = PBXSourcesBuildPhase;
			buildActionMask = 2147483647;
			files = (
				6B3DC9891EF9700E00CAC8D0 /* AppDelegate.m in Sources */,
				6B3DC9861EF9700E00CAC8D0 /* main.m in Sources */,
			);
			runOnlyForDeploymentPostprocessing = 0;
		};
		6B3DC9961EF9700E00CAC8D0 /* Sources */ = {
			isa = PBXSourcesBuildPhase;
			buildActionMask = 2147483647;
			files = (
				6B3DC99F1EF9700E00CAC8D0 /* Rover_IOS13UITests.m in Sources */,
			);
			runOnlyForDeploymentPostprocessing = 0;
		};
/* End PBXSourcesBuildPhase section */

/* Begin PBXTargetDependency section */
		6B3DC99C1EF9700E00CAC8D0 /* PBXTargetDependency */ = {
			isa = PBXTargetDependency;
			target = 6B3DC9801EF9700E00CAC8D0 /* Rover_IOS13 */;
			targetProxy = 6B3DC99B1EF9700E00CAC8D0 /* PBXContainerItemProxy */;
		};
/* End PBXTargetDependency section */

/* Begin PBXVariantGroup section */
		6B3DC98D1EF9700E00CAC8D0 /* Main.storyboard */ = {
			isa = PBXVariantGroup;
			children = (
				6B3DC98E1EF9700E00CAC8D0 /* Base */,
			);
			name = Main.storyboard;
			sourceTree = "<group>";
		};
		6B3DC9921EF9700E00CAC8D0 /* LaunchScreen.storyboard */ = {
			isa = PBXVariantGroup;
			children = (
				6B3DC9931EF9700E00CAC8D0 /* Base */,
			);
			name = LaunchScreen.storyboard;
			sourceTree = "<group>";
		};
/* End PBXVariantGroup section */

/* Begin XCBuildConfiguration section */
		6B3DC9A11EF9700E00CAC8D0 /* Debug */ = {
			isa = XCBuildConfiguration;
			buildSettings = {
				ALWAYS_SEARCH_USER_PATHS = NO;
				CLANG_ANALYZER_NONNULL = YES;
				CLANG_ANALYZER_NUMBER_OBJECT_CONVERSION = YES_AGGRESSIVE;
				CLANG_CXX_LANGUAGE_STANDARD = "gnu++0x";
				CLANG_CXX_LIBRARY = "libc++";
				CLANG_ENABLE_MODULES = YES;
				CLANG_ENABLE_OBJC_ARC = YES;
				CLANG_WARN_BOOL_CONVERSION = YES;
				CLANG_WARN_CONSTANT_CONVERSION = YES;
				CLANG_WARN_DIRECT_OBJC_ISA_USAGE = YES_ERROR;
				CLANG_WARN_DOCUMENTATION_COMMENTS = YES;
				CLANG_WARN_EMPTY_BODY = YES;
				CLANG_WARN_ENUM_CONVERSION = YES;
				CLANG_WARN_INFINITE_RECURSION = YES;
				CLANG_WARN_INT_CONVERSION = YES;
				CLANG_WARN_OBJC_ROOT_CLASS = YES_ERROR;
				CLANG_WARN_SUSPICIOUS_MOVE = YES;
				CLANG_WARN_UNREACHABLE_CODE = YES;
				CLANG_WARN__DUPLICATE_METHOD_MATCH = YES;
				"CODE_SIGN_IDENTITY[sdk=iphoneos*]" = "iPhone Developer";
				COPY_PHASE_STRIP = NO;
				DEBUG_INFORMATION_FORMAT = dwarf;
				ENABLE_STRICT_OBJC_MSGSEND = YES;
				ENABLE_TESTABILITY = YES;
				GCC_C_LANGUAGE_STANDARD = gnu99;
				GCC_DYNAMIC_NO_PIC = NO;
				GCC_NO_COMMON_BLOCKS = YES;
				GCC_OPTIMIZATION_LEVEL = 0;
				GCC_PREPROCESSOR_DEFINITIONS = (
					"DEBUG=1",
					"$(inherited)",
				);
				GCC_WARN_64_TO_32_BIT_CONVERSION = YES;
				GCC_WARN_ABOUT_RETURN_TYPE = YES_ERROR;
				GCC_WARN_UNDECLARED_SELECTOR = YES;
				GCC_WARN_UNINITIALIZED_AUTOS = YES_AGGRESSIVE;
				GCC_WARN_UNUSED_FUNCTION = YES;
				GCC_WARN_UNUSED_VARIABLE = YES;
				IPHONEOS_DEPLOYMENT_TARGET = 10.3;
				MTL_ENABLE_DEBUG_INFO = YES;
				ONLY_ACTIVE_ARCH = YES;
				SDKROOT = iphoneos;
			};
			name = Debug;
		};
		6B3DC9A21EF9700E00CAC8D0 /* Release */ = {
			isa = XCBuildConfiguration;
			buildSettings = {
				ALWAYS_SEARCH_USER_PATHS = NO;
				CLANG_ANALYZER_NONNULL = YES;
				CLANG_ANALYZER_NUMBER_OBJECT_CONVERSION = YES_AGGRESSIVE;
				CLANG_CXX_LANGUAGE_STANDARD = "gnu++0x";
				CLANG_CXX_LIBRARY = "libc++";
				CLANG_ENABLE_MODULES = YES;
				CLANG_ENABLE_OBJC_ARC = YES;
				CLANG_WARN_BOOL_CONVERSION = YES;
				CLANG_WARN_CONSTANT_CONVERSION = YES;
				CLANG_WARN_DIRECT_OBJC_ISA_USAGE = YES_ERROR;
				CLANG_WARN_DOCUMENTATION_COMMENTS = YES;
				CLANG_WARN_EMPTY_BODY = YES;
				CLANG_WARN_ENUM_CONVERSION = YES;
				CLANG_WARN_INFINITE_RECURSION = YES;
				CLANG_WARN_INT_CONVERSION = YES;
				CLANG_WARN_OBJC_ROOT_CLASS = YES_ERROR;
				CLANG_WARN_SUSPICIOUS_MOVE = YES;
				CLANG_WARN_UNREACHABLE_CODE = YES;
				CLANG_WARN__DUPLICATE_METHOD_MATCH = YES;
				"CODE_SIGN_IDENTITY[sdk=iphoneos*]" = "iPhone Developer";
				COPY_PHASE_STRIP = NO;
				DEBUG_INFORMATION_FORMAT = "dwarf-with-dsym";
				ENABLE_NS_ASSERTIONS = NO;
				ENABLE_STRICT_OBJC_MSGSEND = YES;
				GCC_C_LANGUAGE_STANDARD = gnu99;
				GCC_NO_COMMON_BLOCKS = YES;
				GCC_WARN_64_TO_32_BIT_CONVERSION = YES;
				GCC_WARN_ABOUT_RETURN_TYPE = YES_ERROR;
				GCC_WARN_UNDECLARED_SELECTOR = YES;
				GCC_WARN_UNINITIALIZED_AUTOS = YES_AGGRESSIVE;
				GCC_WARN_UNUSED_FUNCTION = YES;
				GCC_WARN_UNUSED_VARIABLE = YES;
				IPHONEOS_DEPLOYMENT_TARGET = 10.3;
				MTL_ENABLE_DEBUG_INFO = NO;
				SDKROOT = iphoneos;
				VALIDATE_PRODUCT = YES;
			};
			name = Release;
		};
		6B3DC9A41EF9700E00CAC8D0 /* Debug */ = {
			isa = XCBuildConfiguration;
			buildSettings = {
				ASSETCATALOG_COMPILER_APPICON_NAME = AppIcon;
				DEVELOPMENT_TEAM = N8EMAYLL43;
				INFOPLIST_FILE = Rover_IOS13/Info.plist;
				LD_RUNPATH_SEARCH_PATHS = "$(inherited) @executable_path/Frameworks";
				PRODUCT_BUNDLE_IDENTIFIER = "com.bradleygilmore.Rover-IOS13";
				PRODUCT_NAME = "$(TARGET_NAME)";
			};
			name = Debug;
		};
		6B3DC9A51EF9700E00CAC8D0 /* Release */ = {
			isa = XCBuildConfiguration;
			buildSettings = {
				ASSETCATALOG_COMPILER_APPICON_NAME = AppIcon;
				DEVELOPMENT_TEAM = N8EMAYLL43;
				INFOPLIST_FILE = Rover_IOS13/Info.plist;
				LD_RUNPATH_SEARCH_PATHS = "$(inherited) @executable_path/Frameworks";
				PRODUCT_BUNDLE_IDENTIFIER = "com.bradleygilmore.Rover-IOS13";
				PRODUCT_NAME = "$(TARGET_NAME)";
			};
			name = Release;
		};
		6B3DC9A71EF9700E00CAC8D0 /* Debug */ = {
			isa = XCBuildConfiguration;
			buildSettings = {
				DEVELOPMENT_TEAM = N8EMAYLL43;
				INFOPLIST_FILE = Rover_IOS13UITests/Info.plist;
				LD_RUNPATH_SEARCH_PATHS = "$(inherited) @executable_path/Frameworks @loader_path/Frameworks";
				PRODUCT_BUNDLE_IDENTIFIER = "com.bradleygilmore.Rover-IOS13UITests";
				PRODUCT_NAME = "$(TARGET_NAME)";
				TEST_TARGET_NAME = Rover_IOS13;
			};
			name = Debug;
		};
		6B3DC9A81EF9700E00CAC8D0 /* Release */ = {
			isa = XCBuildConfiguration;
			buildSettings = {
				DEVELOPMENT_TEAM = N8EMAYLL43;
				INFOPLIST_FILE = Rover_IOS13UITests/Info.plist;
				LD_RUNPATH_SEARCH_PATHS = "$(inherited) @executable_path/Frameworks @loader_path/Frameworks";
				PRODUCT_BUNDLE_IDENTIFIER = "com.bradleygilmore.Rover-IOS13UITests";
				PRODUCT_NAME = "$(TARGET_NAME)";
				TEST_TARGET_NAME = Rover_IOS13;
			};
			name = Release;
		};
/* End XCBuildConfiguration section */

/* Begin XCConfigurationList section */
		6B3DC97C1EF9700E00CAC8D0 /* Build configuration list for PBXProject "Rover_IOS13" */ = {
			isa = XCConfigurationList;
			buildConfigurations = (
				6B3DC9A11EF9700E00CAC8D0 /* Debug */,
				6B3DC9A21EF9700E00CAC8D0 /* Release */,
			);
			defaultConfigurationIsVisible = 0;
			defaultConfigurationName = Release;
		};
		6B3DC9A31EF9700E00CAC8D0 /* Build configuration list for PBXNativeTarget "Rover_IOS13" */ = {
			isa = XCConfigurationList;
			buildConfigurations = (
				6B3DC9A41EF9700E00CAC8D0 /* Debug */,
				6B3DC9A51EF9700E00CAC8D0 /* Release */,
			);
			defaultConfigurationIsVisible = 0;
		};
		6B3DC9A61EF9700E00CAC8D0 /* Build configuration list for PBXNativeTarget "Rover_IOS13UITests" */ = {
			isa = XCConfigurationList;
			buildConfigurations = (
				6B3DC9A71EF9700E00CAC8D0 /* Debug */,
				6B3DC9A81EF9700E00CAC8D0 /* Release */,
			);
			defaultConfigurationIsVisible = 0;
		};
/* End XCConfigurationList section */
	};
	rootObject = 6B3DC9791EF9700E00CAC8D0 /* Project object */;
}
