// !$*UTF8*$!
{
	archiveVersion = 1;
	classes = {
	};
	objectVersion = 46;
	objects = {

/* Begin PBXBuildFile section */
		46E1D4FE1E65DCEB00DDAF9A /* APIKeys.plist in Resources */ = {isa = PBXBuildFile; fileRef = 46E1D4FD1E65DCEB00DDAF9A /* APIKeys.plist */; };
		9DE7D67F1E4E26CF004CBBD8 /* Assets.xcassets in Resources */ = {isa = PBXBuildFile; fileRef = 9DE7D6731E4E26CF004CBBD8 /* Assets.xcassets */; };
		9DE7D6801E4E26CF004CBBD8 /* LaunchScreen.storyboard in Resources */ = {isa = PBXBuildFile; fileRef = 9DE7D6741E4E26CF004CBBD8 /* LaunchScreen.storyboard */; };
		9DE7D6811E4E26CF004CBBD8 /* Main.storyboard in Resources */ = {isa = PBXBuildFile; fileRef = 9DE7D6761E4E26CF004CBBD8 /* Main.storyboard */; };
		9DE7D6831E4E26CF004CBBD8 /* DMNRoverAppDelegate.m in Sources */ = {isa = PBXBuildFile; fileRef = 9DE7D67B1E4E26CF004CBBD8 /* DMNRoverAppDelegate.m */; };
		9DE7D6841E4E26CF004CBBD8 /* main.m in Sources */ = {isa = PBXBuildFile; fileRef = 9DE7D67C1E4E26CF004CBBD8 /* main.m */; };
/* End PBXBuildFile section */

/* Begin PBXFileReference section */
		46E1D4FD1E65DCEB00DDAF9A /* APIKeys.plist */ = {isa = PBXFileReference; fileEncoding = 4; lastKnownFileType = text.plist.xml; path = APIKeys.plist; sourceTree = "<group>"; };
		9DE7D6581E4E26AC004CBBD8 /* Rover.app */ = {isa = PBXFileReference; explicitFileType = wrapper.application; includeInIndex = 0; path = Rover.app; sourceTree = BUILT_PRODUCTS_DIR; };
		9DE7D6731E4E26CF004CBBD8 /* Assets.xcassets */ = {isa = PBXFileReference; lastKnownFileType = folder.assetcatalog; path = Assets.xcassets; sourceTree = "<group>"; };
		9DE7D6751E4E26CF004CBBD8 /* Base */ = {isa = PBXFileReference; lastKnownFileType = file.storyboard; name = Base; path = Base.lproj/LaunchScreen.storyboard; sourceTree = "<group>"; };
		9DE7D6771E4E26CF004CBBD8 /* Base */ = {isa = PBXFileReference; lastKnownFileType = file.storyboard; name = Base; path = Base.lproj/Main.storyboard; sourceTree = "<group>"; };
		9DE7D6781E4E26CF004CBBD8 /* Info.plist */ = {isa = PBXFileReference; fileEncoding = 4; lastKnownFileType = text.plist.xml; path = Info.plist; sourceTree = "<group>"; };
		9DE7D67A1E4E26CF004CBBD8 /* DMNRoverAppDelegate.h */ = {isa = PBXFileReference; fileEncoding = 4; lastKnownFileType = sourcecode.c.h; path = DMNRoverAppDelegate.h; sourceTree = "<group>"; };
		9DE7D67B1E4E26CF004CBBD8 /* DMNRoverAppDelegate.m */ = {isa = PBXFileReference; fileEncoding = 4; lastKnownFileType = sourcecode.c.objc; path = DMNRoverAppDelegate.m; sourceTree = "<group>"; };
		9DE7D67C1E4E26CF004CBBD8 /* main.m */ = {isa = PBXFileReference; fileEncoding = 4; lastKnownFileType = sourcecode.c.objc; path = main.m; sourceTree = "<group>"; };
/* End PBXFileReference section */

/* Begin PBXFrameworksBuildPhase section */
		9DE7D6551E4E26AC004CBBD8 /* Frameworks */ = {
			isa = PBXFrameworksBuildPhase;
			buildActionMask = 2147483647;
			files = (
			);
			runOnlyForDeploymentPostprocessing = 0;
		};
/* End PBXFrameworksBuildPhase section */

/* Begin PBXGroup section */
		9DE7D64F1E4E26AC004CBBD8 = {
			isa = PBXGroup;
			children = (
				9DE7D6791E4E26CF004CBBD8 /* Sources */,
				9DE7D6721E4E26CF004CBBD8 /* Resources */,
				9DE7D6591E4E26AC004CBBD8 /* Products */,
			);
			sourceTree = "<group>";
		};
		9DE7D6591E4E26AC004CBBD8 /* Products */ = {
			isa = PBXGroup;
			children = (
				9DE7D6581E4E26AC004CBBD8 /* Rover.app */,
			);
			name = Products;
			sourceTree = "<group>";
		};
		9DE7D6721E4E26CF004CBBD8 /* Resources */ = {
			isa = PBXGroup;
			children = (
				9DE7D6861E4E26D8004CBBD8 /* Storyboards */,
				9DE7D6731E4E26CF004CBBD8 /* Assets.xcassets */,
				46E1D4FD1E65DCEB00DDAF9A /* APIKeys.plist */,
				9DE7D6781E4E26CF004CBBD8 /* Info.plist */,
			);
			path = Resources;
			sourceTree = "<group>";
		};
		9DE7D6791E4E26CF004CBBD8 /* Sources */ = {
			isa = PBXGroup;
			children = (
				9DE7D67A1E4E26CF004CBBD8 /* DMNRoverAppDelegate.h */,
				9DE7D67B1E4E26CF004CBBD8 /* DMNRoverAppDelegate.m */,
				9DE7D68A1E4E2704004CBBD8 /* Model */,
				9DE7D68B1E4E2705004CBBD8 /* Model Controllers */,
				9DE7D68C1E4E2705004CBBD8 /* View Controllers */,
				9DE7D6891E4E2702004CBBD8 /* Views */,
				9DE7D6871E4E26E7004CBBD8 /* Supporting Files */,
			);
			path = Sources;
			sourceTree = "<group>";
		};
		9DE7D6861E4E26D8004CBBD8 /* Storyboards */ = {
			isa = PBXGroup;
			children = (
				9DE7D6741E4E26CF004CBBD8 /* LaunchScreen.storyboard */,
				9DE7D6761E4E26CF004CBBD8 /* Main.storyboard */,
			);
			name = Storyboards;
			sourceTree = "<group>";
		};
		9DE7D6871E4E26E7004CBBD8 /* Supporting Files */ = {
			isa = PBXGroup;
			children = (
				9DE7D67C1E4E26CF004CBBD8 /* main.m */,
			);
			name = "Supporting Files";
			sourceTree = "<group>";
		};
		9DE7D6891E4E2702004CBBD8 /* Views */ = {
			isa = PBXGroup;
			children = (
			);
			name = Views;
			sourceTree = "<group>";
		};
		9DE7D68A1E4E2704004CBBD8 /* Model */ = {
			isa = PBXGroup;
			children = (
			);
			name = Model;
			sourceTree = "<group>";
		};
		9DE7D68B1E4E2705004CBBD8 /* Model Controllers */ = {
			isa = PBXGroup;
			children = (
			);
			name = "Model Controllers";
			sourceTree = "<group>";
		};
		9DE7D68C1E4E2705004CBBD8 /* View Controllers */ = {
			isa = PBXGroup;
			children = (
			);
			name = "View Controllers";
			sourceTree = "<group>";
		};
/* End PBXGroup section */

/* Begin PBXNativeTarget section */
		9DE7D6571E4E26AC004CBBD8 /* Rover */ = {
			isa = PBXNativeTarget;
			buildConfigurationList = 9DE7D66F1E4E26AC004CBBD8 /* Build configuration list for PBXNativeTarget "Rover" */;
			buildPhases = (
				9DE7D6541E4E26AC004CBBD8 /* Sources */,
				9DE7D6551E4E26AC004CBBD8 /* Frameworks */,
				9DE7D6561E4E26AC004CBBD8 /* Resources */,
			);
			buildRules = (
			);
			dependencies = (
			);
			name = Rover;
			productName = Rover;
			productReference = 9DE7D6581E4E26AC004CBBD8 /* Rover.app */;
			productType = "com.apple.product-type.application";
		};
/* End PBXNativeTarget section */

/* Begin PBXProject section */
		9DE7D6501E4E26AC004CBBD8 /* Project object */ = {
			isa = PBXProject;
			attributes = {
				CLASSPREFIX = DMN;
				LastUpgradeCheck = 0810;
				ORGANIZATIONNAME = DevMountain;
				TargetAttributes = {
					9DE7D6571E4E26AC004CBBD8 = {
						CreatedOnToolsVersion = 8.1;
						DevelopmentTeam = 357NQPN89X;
						ProvisioningStyle = Automatic;
					};
				};
			};
			buildConfigurationList = 9DE7D6531E4E26AC004CBBD8 /* Build configuration list for PBXProject "Rover" */;
			compatibilityVersion = "Xcode 3.2";
			developmentRegion = English;
			hasScannedForEncodings = 0;
			knownRegions = (
				en,
				Base,
			);
			mainGroup = 9DE7D64F1E4E26AC004CBBD8;
			productRefGroup = 9DE7D6591E4E26AC004CBBD8 /* Products */;
			projectDirPath = "";
			projectRoot = "";
			targets = (
				9DE7D6571E4E26AC004CBBD8 /* Rover */,
			);
		};
/* End PBXProject section */

/* Begin PBXResourcesBuildPhase section */
		9DE7D6561E4E26AC004CBBD8 /* Resources */ = {
			isa = PBXResourcesBuildPhase;
			buildActionMask = 2147483647;
			files = (
				9DE7D6811E4E26CF004CBBD8 /* Main.storyboard in Resources */,
				46E1D4FE1E65DCEB00DDAF9A /* APIKeys.plist in Resources */,
				9DE7D67F1E4E26CF004CBBD8 /* Assets.xcassets in Resources */,
				9DE7D6801E4E26CF004CBBD8 /* LaunchScreen.storyboard in Resources */,
			);
			runOnlyForDeploymentPostprocessing = 0;
		};
/* End PBXResourcesBuildPhase section */

/* Begin PBXSourcesBuildPhase section */
		9DE7D6541E4E26AC004CBBD8 /* Sources */ = {
			isa = PBXSourcesBuildPhase;
			buildActionMask = 2147483647;
			files = (
				9DE7D6841E4E26CF004CBBD8 /* main.m in Sources */,
				9DE7D6831E4E26CF004CBBD8 /* DMNRoverAppDelegate.m in Sources */,
			);
			runOnlyForDeploymentPostprocessing = 0;
		};
/* End PBXSourcesBuildPhase section */

/* Begin PBXVariantGroup section */
		9DE7D6741E4E26CF004CBBD8 /* LaunchScreen.storyboard */ = {
			isa = PBXVariantGroup;
			children = (
				9DE7D6751E4E26CF004CBBD8 /* Base */,
			);
			name = LaunchScreen.storyboard;
			sourceTree = "<group>";
		};
		9DE7D6761E4E26CF004CBBD8 /* Main.storyboard */ = {
			isa = PBXVariantGroup;
			children = (
				9DE7D6771E4E26CF004CBBD8 /* Base */,
			);
			name = Main.storyboard;
			sourceTree = "<group>";
		};
/* End PBXVariantGroup section */

/* Begin XCBuildConfiguration section */
		9DE7D66D1E4E26AC004CBBD8 /* Debug */ = {
			isa = XCBuildConfiguration;
			buildSettings = {
				ALWAYS_SEARCH_USER_PATHS = NO;
				CLANG_ANALYZER_NONNULL = YES;
				CLANG_CXX_LANGUAGE_STANDARD = "gnu++0x";
				CLANG_CXX_LIBRARY = "libc++";
				CLANG_ENABLE_MODULES = YES;
				CLANG_ENABLE_OBJC_ARC = YES;
				CLANG_WARN_BOOL_CONVERSION = YES;
				CLANG_WARN_CONSTANT_CONVERSION = YES;
				CLANG_WARN_DIRECT_OBJC_ISA_USAGE = YES_ERROR;
				CLANG_WARN_DOCUMENTATION_COMMENTS = YES;
				CLANG_WARN_EMPTY_BODY = YES;
				CLANG_WARN_ENUM_CONVERSION = YES;
				CLANG_WARN_INFINITE_RECURSION = YES;
				CLANG_WARN_INT_CONVERSION = YES;
				CLANG_WARN_OBJC_ROOT_CLASS = YES_ERROR;
				CLANG_WARN_SUSPICIOUS_MOVES = YES;
				CLANG_WARN_UNREACHABLE_CODE = YES;
				CLANG_WARN__DUPLICATE_METHOD_MATCH = YES;
				"CODE_SIGN_IDENTITY[sdk=iphoneos*]" = "iPhone Developer";
				COPY_PHASE_STRIP = NO;
				DEBUG_INFORMATION_FORMAT = dwarf;
				ENABLE_STRICT_OBJC_MSGSEND = YES;
				ENABLE_TESTABILITY = YES;
				GCC_C_LANGUAGE_STANDARD = gnu99;
				GCC_DYNAMIC_NO_PIC = NO;
				GCC_NO_COMMON_BLOCKS = YES;
				GCC_OPTIMIZATION_LEVEL = 0;
				GCC_PREPROCESSOR_DEFINITIONS = (
					"DEBUG=1",
					"$(inherited)",
				);
				GCC_WARN_64_TO_32_BIT_CONVERSION = YES;
				GCC_WARN_ABOUT_RETURN_TYPE = YES_ERROR;
				GCC_WARN_UNDECLARED_SELECTOR = YES;
				GCC_WARN_UNINITIALIZED_AUTOS = YES_AGGRESSIVE;
				GCC_WARN_UNUSED_FUNCTION = YES;
				GCC_WARN_UNUSED_VARIABLE = YES;
				IPHONEOS_DEPLOYMENT_TARGET = 10.1;
				MTL_ENABLE_DEBUG_INFO = YES;
				ONLY_ACTIVE_ARCH = YES;
				SDKROOT = iphoneos;
				TARGETED_DEVICE_FAMILY = "1,2";
			};
			name = Debug;
		};
		9DE7D66E1E4E26AC004CBBD8 /* Release */ = {
			isa = XCBuildConfiguration;
			buildSettings = {
				ALWAYS_SEARCH_USER_PATHS = NO;
				CLANG_ANALYZER_NONNULL = YES;
				CLANG_CXX_LANGUAGE_STANDARD = "gnu++0x";
				CLANG_CXX_LIBRARY = "libc++";
				CLANG_ENABLE_MODULES = YES;
				CLANG_ENABLE_OBJC_ARC = YES;
				CLANG_WARN_BOOL_CONVERSION = YES;
				CLANG_WARN_CONSTANT_CONVERSION = YES;
				CLANG_WARN_DIRECT_OBJC_ISA_USAGE = YES_ERROR;
				CLANG_WARN_DOCUMENTATION_COMMENTS = YES;
				CLANG_WARN_EMPTY_BODY = YES;
				CLANG_WARN_ENUM_CONVERSION = YES;
				CLANG_WARN_INFINITE_RECURSION = YES;
				CLANG_WARN_INT_CONVERSION = YES;
				CLANG_WARN_OBJC_ROOT_CLASS = YES_ERROR;
				CLANG_WARN_SUSPICIOUS_MOVES = YES;
				CLANG_WARN_UNREACHABLE_CODE = YES;
				CLANG_WARN__DUPLICATE_METHOD_MATCH = YES;
				"CODE_SIGN_IDENTITY[sdk=iphoneos*]" = "iPhone Developer";
				COPY_PHASE_STRIP = NO;
				DEBUG_INFORMATION_FORMAT = "dwarf-with-dsym";
				ENABLE_NS_ASSERTIONS = NO;
				ENABLE_STRICT_OBJC_MSGSEND = YES;
				GCC_C_LANGUAGE_STANDARD = gnu99;
				GCC_NO_COMMON_BLOCKS = YES;
				GCC_WARN_64_TO_32_BIT_CONVERSION = YES;
				GCC_WARN_ABOUT_RETURN_TYPE = YES_ERROR;
				GCC_WARN_UNDECLARED_SELECTOR = YES;
				GCC_WARN_UNINITIALIZED_AUTOS = YES_AGGRESSIVE;
				GCC_WARN_UNUSED_FUNCTION = YES;
				GCC_WARN_UNUSED_VARIABLE = YES;
				IPHONEOS_DEPLOYMENT_TARGET = 10.1;
				MTL_ENABLE_DEBUG_INFO = NO;
				SDKROOT = iphoneos;
				TARGETED_DEVICE_FAMILY = "1,2";
				VALIDATE_PRODUCT = YES;
			};
			name = Release;
		};
		9DE7D6701E4E26AC004CBBD8 /* Debug */ = {
			isa = XCBuildConfiguration;
			buildSettings = {
				ASSETCATALOG_COMPILER_APPICON_NAME = AppIcon;
				DEVELOPMENT_TEAM = 357NQPN89X;
				INFOPLIST_FILE = Resources/Info.plist;
				LD_RUNPATH_SEARCH_PATHS = "$(inherited) @executable_path/Frameworks";
				PRODUCT_BUNDLE_IDENTIFIER = com.DevMountain.Rover;
				PRODUCT_NAME = "$(TARGET_NAME)";
			};
			name = Debug;
		};
		9DE7D6711E4E26AC004CBBD8 /* Release */ = {
			isa = XCBuildConfiguration;
			buildSettings = {
				ASSETCATALOG_COMPILER_APPICON_NAME = AppIcon;
				DEVELOPMENT_TEAM = 357NQPN89X;
				INFOPLIST_FILE = Resources/Info.plist;
				LD_RUNPATH_SEARCH_PATHS = "$(inherited) @executable_path/Frameworks";
				PRODUCT_BUNDLE_IDENTIFIER = com.DevMountain.Rover;
				PRODUCT_NAME = "$(TARGET_NAME)";
			};
			name = Release;
		};
/* End XCBuildConfiguration section */

/* Begin XCConfigurationList section */
		9DE7D6531E4E26AC004CBBD8 /* Build configuration list for PBXProject "Rover" */ = {
			isa = XCConfigurationList;
			buildConfigurations = (
				9DE7D66D1E4E26AC004CBBD8 /* Debug */,
				9DE7D66E1E4E26AC004CBBD8 /* Release */,
			);
			defaultConfigurationIsVisible = 0;
			defaultConfigurationName = Release;
		};
		9DE7D66F1E4E26AC004CBBD8 /* Build configuration list for PBXNativeTarget "Rover" */ = {
			isa = XCConfigurationList;
			buildConfigurations = (
				9DE7D6701E4E26AC004CBBD8 /* Debug */,
				9DE7D6711E4E26AC004CBBD8 /* Release */,
			);
			defaultConfigurationIsVisible = 0;
			defaultConfigurationName = Release;
		};
/* End XCConfigurationList section */
	};
	rootObject = 9DE7D6501E4E26AC004CBBD8 /* Project object */;
}
